
Microsoft Visual Studio Solution File, Format Version 12.00
# Visual Studio Version 17
VisualStudioVersion = 17.4.33205.214
MinimumVisualStudioVersion = 10.0.40219.1
Project("{FAE04EC0-301F-11D3-BF4B-00C04F79EFBC}") = "IseseisevTooArkadiKorotitshTARpv22", "IseseisevTooArkadiKorotitshTARpv22.csproj", "{4D95C7BD-2E57-4F51-82E3-F0996BE4A858}"
EndProject
Global
	GlobalSection(SolutionConfigurationPlatforms) = preSolution
		Debug|Any CPU = Debug|Any CPU
		Release|Any CPU = Release|Any CPU
	EndGlobalSection
	GlobalSection(ProjectConfigurationPlatforms) = postSolution
		{4D95C7BD-2E57-4F51-82E3-F0996BE4A858}.Debug|Any CPU.ActiveCfg = Debug|Any CPU
		{4D95C7BD-2E57-4F51-82E3-F0996BE4A858}.Debug|Any CPU.Build.0 = Debug|Any CPU
		{4D95C7BD-2E57-4F51-82E3-F0996BE4A858}.Release|Any CPU.ActiveCfg = Release|Any CPU
		{4D95C7BD-2E57-4F51-82E3-F0996BE4A858}.Release|Any CPU.Build.0 = Release|Any CPU
	EndGlobalSection
	GlobalSection(SolutionProperties) = preSolution
		HideSolutionNode = FALSE
	EndGlobalSection
	GlobalSection(ExtensibilityGlobals) = postSolution
		SolutionGuid = {6718A652-57BD-4052-87F8-65D5FA3ECD0F}
	EndGlobalSection
EndGlobal
