
Microsoft Visual Studio Solution File, Format Version 12.00
# Visual Studio Version 17
VisualStudioVersion = 17.4.33205.214
MinimumVisualStudioVersion = 10.0.40219.1
Project("{FAE04EC0-301F-11D3-BF4B-00C04F79EFBC}") = "aktarpv22iseseisev", "aktarpv22iseseisev.csproj", "{B1743595-3760-4C4A-8726-B8E6324474FE}"
EndProject
Global
	GlobalSection(SolutionConfigurationPlatforms) = preSolution
		Debug|Any CPU = Debug|Any CPU
		Release|Any CPU = Release|Any CPU
	EndGlobalSection
	GlobalSection(ProjectConfigurationPlatforms) = postSolution
		{B1743595-3760-4C4A-8726-B8E6324474FE}.Debug|Any CPU.ActiveCfg = Debug|Any CPU
		{B1743595-3760-4C4A-8726-B8E6324474FE}.Debug|Any CPU.Build.0 = Debug|Any CPU
		{B1743595-3760-4C4A-8726-B8E6324474FE}.Release|Any CPU.ActiveCfg = Release|Any CPU
		{B1743595-3760-4C4A-8726-B8E6324474FE}.Release|Any CPU.Build.0 = Release|Any CPU
	EndGlobalSection
	GlobalSection(SolutionProperties) = preSolution
		HideSolutionNode = FALSE
	EndGlobalSection
	GlobalSection(ExtensibilityGlobals) = postSolution
		SolutionGuid = {7A1AB27A-3932-4AAE-9673-F733EB77E1C4}
	EndGlobalSection
EndGlobal
